Microsoft Visual Studio Solution File, Format Version 12.00
# Visual Studio Version 17
VisualStudioVersion = 17.5.2.0
MinimumVisualStudioVersion = 10.0.40219.1
Project("{2150E333-8FDC-42A3-9474-1A3956D46DE8}") = "backend", "backend", "{1AE8ACA6-933B-BF2A-3671-3E2EAC007D16}"
EndProject
Project("{2150E333-8FDC-42A3-9474-1A3956D46DE8}") = "frontend", "frontend", "{CE609670-85B9-0D16-FB54-ED063D5D8A6D}"
EndProject
Project("{FAE04EC0-301F-11D3-BF4B-00C04F79EFBC}") = "PalavraConectada.API", "backend\PalavraConectada.API\PalavraConectada.API.csproj", "{99AB0DA7-96D3-A26B-6DDA-1592699D35AE}"
EndProject
Project("{FAE04EC0-301F-11D3-BF4B-00C04F79EFBC}") = "palavra-conectada-blazor", "frontend\blazor\palavra-conectada-blazor.csproj", "{BE3F04CE-C48E-47A6-2BC6-B453CD69309F}"
EndProject
Global
	GlobalSection(SolutionConfigurationPlatforms) = preSolution
		Debug|Any CPU = Debug|Any CPU
		Release|Any CPU = Release|Any CPU
	EndGlobalSection
	GlobalSection(ProjectConfigurationPlatforms) = postSolution
		{99AB0DA7-96D3-A26B-6DDA-1592699D35AE}.Debug|Any CPU.ActiveCfg = Debug|Any CPU
		{99AB0DA7-96D3-A26B-6DDA-1592699D35AE}.Debug|Any CPU.Build.0 = Debug|Any CPU
		{99AB0DA7-96D3-A26B-6DDA-1592699D35AE}.Release|Any CPU.ActiveCfg = Release|Any CPU
		{99AB0DA7-96D3-A26B-6DDA-1592699D35AE}.Release|Any CPU.Build.0 = Release|Any CPU
		{BE3F04CE-C48E-47A6-2BC6-B453CD69309F}.Debug|Any CPU.ActiveCfg = Debug|Any CPU
		{BE3F04CE-C48E-47A6-2BC6-B453CD69309F}.Debug|Any CPU.Build.0 = Debug|Any CPU
		{BE3F04CE-C48E-47A6-2BC6-B453CD69309F}.Release|Any CPU.ActiveCfg = Release|Any CPU
		{BE3F04CE-C48E-47A6-2BC6-B453CD69309F}.Release|Any CPU.Build.0 = Release|Any CPU
	EndGlobalSection
	GlobalSection(SolutionProperties) = preSolution
		HideSolutionNode = FALSE
	EndGlobalSection
	GlobalSection(NestedProjects) = preSolution
		{99AB0DA7-96D3-A26B-6DDA-1592699D35AE} = {1AE8ACA6-933B-BF2A-3671-3E2EAC007D16}
		{BE3F04CE-C48E-47A6-2BC6-B453CD69309F} = {CE609670-85B9-0D16-FB54-ED063D5D8A6D}
	EndGlobalSection
	GlobalSection(ExtensibilityGlobals) = postSolution
		SolutionGuid = {1A311AC8-BA7F-4395-887B-B8BDB9EC3BE9}
	EndGlobalSection
EndGlobal
